
Microsoft Visual Studio Solution File, Format Version 12.00
# Visual Studio Version 16
VisualStudioVersion = 16.0.32630.194
MinimumVisualStudioVersion = 10.0.40219.1
Project("{FAE04EC0-301F-11D3-BF4B-00C04F79EFBC}") = "ArthhurLeeYuHongAssgt, SrivengadanAssgt", "Assignment\ArthhurLeeYuHongAssgt, SrivengadanAssgt.csproj", "{6BB7E7A4-1B4C-40C2-BD84-F43573CBA4A1}"
EndProject
Global
	GlobalSection(SolutionConfigurationPlatforms) = preSolution
		Debug|Any CPU = Debug|Any CPU
		Release|Any CPU = Release|Any CPU
	EndGlobalSection
	GlobalSection(ProjectConfigurationPlatforms) = postSolution
		{6BB7E7A4-1B4C-40C2-BD84-F43573CBA4A1}.Debug|Any CPU.ActiveCfg = Debug|Any CPU
		{6BB7E7A4-1B4C-40C2-BD84-F43573CBA4A1}.Debug|Any CPU.Build.0 = Debug|Any CPU
		{6BB7E7A4-1B4C-40C2-BD84-F43573CBA4A1}.Release|Any CPU.ActiveCfg = Release|Any CPU
		{6BB7E7A4-1B4C-40C2-BD84-F43573CBA4A1}.Release|Any CPU.Build.0 = Release|Any CPU
	EndGlobalSection
	GlobalSection(SolutionProperties) = preSolution
		HideSolutionNode = FALSE
	EndGlobalSection
	GlobalSection(ExtensibilityGlobals) = postSolution
		SolutionGuid = {FEF63CD1-23C7-4BE9-8F55-04E78BB3FB86}
	EndGlobalSection
EndGlobal
